
Microsoft Visual Studio Solution File, Format Version 12.00
# Visual Studio Version 17
VisualStudioVersion = 17.0.32014.148
MinimumVisualStudioVersion = 10.0.40219.1
Project("{9A19103F-16F7-4668-BE54-9A1E7A4F7556}") = "Inventory.ConsoleLib.ConsoleApp", "Inventory.ConsoleLib.ConsoleApp\Inventory.ConsoleLib.ConsoleApp.csproj", "{FD63E43A-9339-4F13-A25A-62167FDD319E}"
EndProject
Global
	GlobalSection(SolutionConfigurationPlatforms) = preSolution
		Debug|Any CPU = Debug|Any CPU
		Release|Any CPU = Release|Any CPU
	EndGlobalSection
	GlobalSection(ProjectConfigurationPlatforms) = postSolution
		{FD63E43A-9339-4F13-A25A-62167FDD319E}.Debug|Any CPU.ActiveCfg = Debug|Any CPU
		{FD63E43A-9339-4F13-A25A-62167FDD319E}.Debug|Any CPU.Build.0 = Debug|Any CPU
		{FD63E43A-9339-4F13-A25A-62167FDD319E}.Release|Any CPU.ActiveCfg = Release|Any CPU
		{FD63E43A-9339-4F13-A25A-62167FDD319E}.Release|Any CPU.Build.0 = Release|Any CPU
	EndGlobalSection
	GlobalSection(SolutionProperties) = preSolution
		HideSolutionNode = FALSE
	EndGlobalSection
	GlobalSection(ExtensibilityGlobals) = postSolution
		SolutionGuid = {186C09C9-023C-455E-B998-A803890F1E76}
	EndGlobalSection
EndGlobal
